
Microsoft Visual Studio Solution File, Format Version 12.00
# Visual Studio 15
VisualStudioVersion = 15.0.27130.2026
MinimumVisualStudioVersion = 10.0.40219.1
Project("{FAE04EC0-301F-11D3-BF4B-00C04F79EFBC}") = "Demo", "Demo\Demo.csproj", "{A30092D7-0804-4A13-98EF-A61B1350EDE0}"
EndProject
Global
	GlobalSection(SolutionConfigurationPlatforms) = preSolution
		Debug|Any CPU = Debug|Any CPU
		Release|Any CPU = Release|Any CPU
	EndGlobalSection
	GlobalSection(ProjectConfigurationPlatforms) = postSolution
		{A30092D7-0804-4A13-98EF-A61B1350EDE0}.Debug|Any CPU.ActiveCfg = Debug|Any CPU
		{A30092D7-0804-4A13-98EF-A61B1350EDE0}.Debug|Any CPU.Build.0 = Debug|Any CPU
		{A30092D7-0804-4A13-98EF-A61B1350EDE0}.Release|Any CPU.ActiveCfg = Release|Any CPU
		{A30092D7-0804-4A13-98EF-A61B1350EDE0}.Release|Any CPU.Build.0 = Release|Any CPU
	EndGlobalSection
	GlobalSection(SolutionProperties) = preSolution
		HideSolutionNode = FALSE
	EndGlobalSection
	GlobalSection(ExtensibilityGlobals) = postSolution
		SolutionGuid = {2C12B3E4-3AA1-40BC-81EB-C8965CD1ED4B}
	EndGlobalSection
EndGlobal
